
Microsoft Visual Studio Solution File, Format Version 12.00
# Visual Studio Version 17
VisualStudioVersion = 17.10.34928.147
MinimumVisualStudioVersion = 10.0.40219.1
Project("{FAE04EC0-301F-11D3-BF4B-00C04F79EFBC}") = "UnicomTIC_LMS_BE", "UnicomTIC_LMS_BE\UnicomTIC_LMS_BE.csproj", "{C7E79747-FA25-43C8-8717-4903C46B4396}"
EndProject
Global
	GlobalSection(SolutionConfigurationPlatforms) = preSolution
		Debug|Any CPU = Debug|Any CPU
		Release|Any CPU = Release|Any CPU
	EndGlobalSection
	GlobalSection(ProjectConfigurationPlatforms) = postSolution
		{C7E79747-FA25-43C8-8717-4903C46B4396}.Debug|Any CPU.ActiveCfg = Debug|Any CPU
		{C7E79747-FA25-43C8-8717-4903C46B4396}.Debug|Any CPU.Build.0 = Debug|Any CPU
		{C7E79747-FA25-43C8-8717-4903C46B4396}.Release|Any CPU.ActiveCfg = Release|Any CPU
		{C7E79747-FA25-43C8-8717-4903C46B4396}.Release|Any CPU.Build.0 = Release|Any CPU
	EndGlobalSection
	GlobalSection(SolutionProperties) = preSolution
		HideSolutionNode = FALSE
	EndGlobalSection
	GlobalSection(ExtensibilityGlobals) = postSolution
		SolutionGuid = {3BAAC0A1-ED7C-48C2-9615-8C52E534A71A}
	EndGlobalSection
EndGlobal
